Microsoft Visual Studio Solution File, Format Version 12.00
# Visual Studio Version 17
VisualStudioVersion = 17.5.2.0
MinimumVisualStudioVersion = 10.0.40219.1
Project("{FAE04EC0-301F-11D3-BF4B-00C04F79EFBC}") = "hacker-news-consumer", "hacker-news-consumer.csproj", "{BCF5BFCA-760A-7345-6F70-14591E9A9AD4}"
EndProject
Global
	GlobalSection(SolutionConfigurationPlatforms) = preSolution
		Debug|Any CPU = Debug|Any CPU
		Release|Any CPU = Release|Any CPU
	EndGlobalSection
	GlobalSection(ProjectConfigurationPlatforms) = postSolution
		{BCF5BFCA-760A-7345-6F70-14591E9A9AD4}.Debug|Any CPU.ActiveCfg = Debug|Any CPU
		{BCF5BFCA-760A-7345-6F70-14591E9A9AD4}.Debug|Any CPU.Build.0 = Debug|Any CPU
		{BCF5BFCA-760A-7345-6F70-14591E9A9AD4}.Release|Any CPU.ActiveCfg = Release|Any CPU
		{BCF5BFCA-760A-7345-6F70-14591E9A9AD4}.Release|Any CPU.Build.0 = Release|Any CPU
	EndGlobalSection
	GlobalSection(SolutionProperties) = preSolution
		HideSolutionNode = FALSE
	EndGlobalSection
	GlobalSection(ExtensibilityGlobals) = postSolution
		SolutionGuid = {8351028D-4C9D-4524-9AAD-54136C09797D}
	EndGlobalSection
EndGlobal
